PODS:
  - HPGradientLoading (1.3.1):
    - SnapKit (~> 5.0.0)
    - VisualEffectView (~> 4.0.0)
  - SnapKit (5.0.0)
  - VisualEffectView (4.0.0)

DEPENDENCIES:
  - HPGradientLoading (from `../HPGradientLoading`)
  - SnapKit
  - VisualEffectView

SPEC REPOS:
  https://github.com/cocoapods/specs.git:
    - SnapKit
    - VisualEffectView

EXTERNAL SOURCES:
  HPGradientLoading:
    :path: "../HPGradientLoading"

SPEC CHECKSUMS:
  HPGradientLoading: 4fc10dde4ef205d92c843c7bea576ebfa69b1594
  SnapKit: fd22d10eb9aff484d79a8724eab922c1ddf89bcf
  VisualEffectView: 9e9883f07d8a929b98c9c08a068f726279d92754

PODFILE CHECKSUM: f2a30eec6f93ab4611001485ccb517fd2916089b

COCOAPODS: 1.6.1
